
Microsoft Visual Studio Solution File, Format Version 12.00
# Visual Studio Version 16
VisualStudioVersion = 16.0.29613.14
MinimumVisualStudioVersion = 10.0.40219.1
Project("{9A19103F-16F7-4668-BE54-9A1E7A4F7556}") = "myApp", "myApp.csproj", "{B39DAE07-2C25-4779-BFBE-0B8C188F13C1}"
EndProject
Global
	GlobalSection(SolutionConfigurationPlatforms) = preSolution
		Debug|Any CPU = Debug|Any CPU
		Release|Any CPU = Release|Any CPU
	EndGlobalSection
	GlobalSection(ProjectConfigurationPlatforms) = postSolution
		{B39DAE07-2C25-4779-BFBE-0B8C188F13C1}.Debug|Any CPU.ActiveCfg = Debug|Any CPU
		{B39DAE07-2C25-4779-BFBE-0B8C188F13C1}.Debug|Any CPU.Build.0 = Debug|Any CPU
		{B39DAE07-2C25-4779-BFBE-0B8C188F13C1}.Release|Any CPU.ActiveCfg = Release|Any CPU
		{B39DAE07-2C25-4779-BFBE-0B8C188F13C1}.Release|Any CPU.Build.0 = Release|Any CPU
	EndGlobalSection
	GlobalSection(SolutionProperties) = preSolution
		HideSolutionNode = FALSE
	EndGlobalSection
	GlobalSection(ExtensibilityGlobals) = postSolution
		SolutionGuid = {19934735-3368-4A49-A27A-66623F3F446A}
	EndGlobalSection
EndGlobal
